Microsoft Visual Studio Solution File, Format Version 12.00
# Visual Studio Version 17
VisualStudioVersion = 17.5.2.0
MinimumVisualStudioVersion = 10.0.40219.1
Project("{FAE04EC0-301F-11D3-BF4B-00C04F79EFBC}") = "Medicalcare_API", "Medicalcare_API.csproj", "{82BC1D5B-6314-D292-0938-582E730CDC7A}"
EndProject
Global
	GlobalSection(SolutionConfigurationPlatforms) = preSolution
		Debug|Any CPU = Debug|Any CPU
		Release|Any CPU = Release|Any CPU
	EndGlobalSection
	GlobalSection(ProjectConfigurationPlatforms) = postSolution
		{82BC1D5B-6314-D292-0938-582E730CDC7A}.Debug|Any CPU.ActiveCfg = Debug|Any CPU
		{82BC1D5B-6314-D292-0938-582E730CDC7A}.Debug|Any CPU.Build.0 = Debug|Any CPU
		{82BC1D5B-6314-D292-0938-582E730CDC7A}.Release|Any CPU.ActiveCfg = Release|Any CPU
		{82BC1D5B-6314-D292-0938-582E730CDC7A}.Release|Any CPU.Build.0 = Release|Any CPU
	EndGlobalSection
	GlobalSection(SolutionProperties) = preSolution
		HideSolutionNode = FALSE
	EndGlobalSection
	GlobalSection(ExtensibilityGlobals) = postSolution
		SolutionGuid = {2E13D15B-1F55-49AE-8C68-8B6FA1CA04EA}
	EndGlobalSection
EndGlobal
